{
  "name": "provider-email-scaleway-tem",
  "version": "1.0.0",
  "lockfileVersion": 2,
  "requires": true,
  "packages": {
    "": {
      "name": "provider-email-scaleway-tem",
      "version": "1.0.0",
      "license": "MIT",
      "dependencies": {
        "@scaleway/sdk": "1.6.0"
      },
      "devDependencies": {
        "prettier": "^2.8.7"
      },
      "engines": {
        "node": ">=14.19.1 <=18.x.x",
        "npm": ">=6.0.0"
      }
    },
    "node_modules/@scaleway/sdk": {
      "version": "1.6.0",
      "resolved": "https://registry.npmjs.org/@scaleway/sdk/-/sdk-1.6.0.tgz",
      "integrity": "sha512-3CSXCKALm/Hw7o1LdICNVfIaA9T5jaCs6LsYUC80mhIj+jeftlgumFGWKLpLKdtGZll/p+t1cyBQS80qBN84JQ==",
      "bundleDependencies": [
        "@scaleway/random-name"
      ],
      "dependencies": {
        "@scaleway/random-name": "^4.0.1"
      },
      "engines": {
        "node": ">=18.0"
      }
    },
    "node_modules/@scaleway/sdk/node_modules/@scaleway/random-name": {
      "version": "4.0.1",
      "inBundle": true,
      "license": "MIT",
      "engines": {
        "node": ">=14.x"
      }
    },
    "node_modules/prettier": {
      "version": "2.8.7",
      "resolved": "https://registry.npmjs.org/prettier/-/prettier-2.8.7.tgz",
      "integrity": "sha512-yPngTo3aXUUmyuTjeTUT75txrf+aMh9FiD7q9ZE/i6r0bPb22g4FsE6Y338PQX1bmfy08i9QQCB7/rcUAVntfw==",
      "dev": true,
      "bin": {
        "prettier": "bin-prettier.js"
      },
      "engines": {
        "node": ">=10.13.0"
      },
      "funding": {
        "url": "https://github.com/prettier/prettier?sponsor=1"
      }
    }
  },
  "dependencies": {
    "@scaleway/sdk": {
      "version": "1.6.0",
      "resolved": "https://registry.npmjs.org/@scaleway/sdk/-/sdk-1.6.0.tgz",
      "integrity": "sha512-3CSXCKALm/Hw7o1LdICNVfIaA9T5jaCs6LsYUC80mhIj+jeftlgumFGWKLpLKdtGZll/p+t1cyBQS80qBN84JQ==",
      "requires": {
        "@scaleway/random-name": "^4.0.1"
      },
      "dependencies": {
        "@scaleway/random-name": {
          "version": "4.0.1",
          "bundled": true
        }
      }
    },
    "prettier": {
      "version": "2.8.7",
      "resolved": "https://registry.npmjs.org/prettier/-/prettier-2.8.7.tgz",
      "integrity": "sha512-yPngTo3aXUUmyuTjeTUT75txrf+aMh9FiD7q9ZE/i6r0bPb22g4FsE6Y338PQX1bmfy08i9QQCB7/rcUAVntfw==",
      "dev": true
    }
  }
}
