{
  "name": "strapi-provider-email-scaleway-tem",
  "version": "1.1.0",
  "lockfileVersion": 2,
  "requires": true,
  "packages": {
    "": {
      "name": "strapi-provider-email-scaleway-tem",
      "version": "1.1.0",
      "license": "MIT",
      "dependencies": {
        "@scaleway/sdk": "1.20.0"
      },
      "devDependencies": {
        "prettier": "3.0.0"
      },
      "engines": {
        "node": ">=18.x.x <=20.x.x",
        "npm": ">=6.0.0"
      }
    },
    "node_modules/@scaleway/sdk": {
      "version": "1.20.0",
      "resolved": "https://registry.npmjs.org/@scaleway/sdk/-/sdk-1.20.0.tgz",
      "integrity": "sha512-0N048ywCkE+qY+d0eqVr/Gv5gz0lJSvQUuXHhmRI7vsRXvufwGHKCoo72blY/SXosBeXgmPcMzWcl+pvfomvAw==",
      "bundleDependencies": [
        "@scaleway/random-name"
      ],
      "dependencies": {
        "@scaleway/random-name": "^4.0.1"
      },
      "engines": {
        "node": ">=18.0"
      }
    },
    "node_modules/@scaleway/sdk/node_modules/@scaleway/random-name": {
      "version": "4.0.1",
      "inBundle": true,
      "license": "MIT",
      "engines": {
        "node": ">=14.x"
      }
    },
    "node_modules/prettier": {
      "version": "3.0.0",
      "resolved": "https://registry.npmjs.org/prettier/-/prettier-3.0.0.tgz",
      "integrity": "sha512-zBf5eHpwHOGPC47h0zrPyNn+eAEIdEzfywMoYn2XPi0P44Zp0tSq64rq0xAREh4auw2cJZHo9QUob+NqCQky4g==",
      "dev": true,
      "bin": {
        "prettier": "bin/prettier.cjs"
      },
      "engines": {
        "node": ">=14"
      },
      "funding": {
        "url": "https://github.com/prettier/prettier?sponsor=1"
      }
    }
  },
  "dependencies": {
    "@scaleway/sdk": {
      "version": "1.20.0",
      "resolved": "https://registry.npmjs.org/@scaleway/sdk/-/sdk-1.20.0.tgz",
      "integrity": "sha512-0N048ywCkE+qY+d0eqVr/Gv5gz0lJSvQUuXHhmRI7vsRXvufwGHKCoo72blY/SXosBeXgmPcMzWcl+pvfomvAw==",
      "requires": {
        "@scaleway/random-name": "^4.0.1"
      },
      "dependencies": {
        "@scaleway/random-name": {
          "version": "4.0.1",
          "bundled": true
        }
      }
    },
    "prettier": {
      "version": "3.0.0",
      "resolved": "https://registry.npmjs.org/prettier/-/prettier-3.0.0.tgz",
      "integrity": "sha512-zBf5eHpwHOGPC47h0zrPyNn+eAEIdEzfywMoYn2XPi0P44Zp0tSq64rq0xAREh4auw2cJZHo9QUob+NqCQky4g==",
      "dev": true
    }
  }
}
